
Microsoft Visual Studio Solution File, Format Version 12.00
# Visual Studio 2013
VisualStudioVersion = 12.0.31101.0
MinimumVisualStudioVersion = 10.0.40219.1
Project("{FAE04EC0-301F-11D3-BF4B-00C04F79EFBC}") = "Dummy", "Dummy\Dummy.csproj", "{461FF17F-0405-4589-A089-1AC67A1FF2E5}"
EndProject
Project("{FAE04EC0-301F-11D3-BF4B-00C04F79EFBC}") = "dummy2", "dummy2\dummy2.csproj", "{10B6AC6B-A0C2-43CF-8DA3-EE0FFF5BA813}"
EndProject
Project("{FAE04EC0-301F-11D3-BF4B-00C04F79EFBC}") = "WcfServiceLibrary1", "WcfServiceLibrary1\WcfServiceLibrary1.csproj", "{36A8A05B-CC32-4609-92F9-2D6EAA0143A2}"
EndProject
Project("{FAE04EC0-301F-11D3-BF4B-00C04F79EFBC}") = "WebApplication3", "WebApplication3\WebApplication3.csproj", "{235C7398-ADDD-438C-848C-0EB5B3489AAF}"
EndProject
Global
	GlobalSection(SolutionConfigurationPlatforms) = preSolution
		Debug|Any CPU = Debug|Any CPU
		Release|Any CPU = Release|Any CPU
	EndGlobalSection
	GlobalSection(ProjectConfigurationPlatforms) = postSolution
		{461FF17F-0405-4589-A089-1AC67A1FF2E5}.Debug|Any CPU.ActiveCfg = Debug|Any CPU
		{461FF17F-0405-4589-A089-1AC67A1FF2E5}.Debug|Any CPU.Build.0 = Debug|Any CPU
		{461FF17F-0405-4589-A089-1AC67A1FF2E5}.Release|Any CPU.ActiveCfg = Release|Any CPU
		{461FF17F-0405-4589-A089-1AC67A1FF2E5}.Release|Any CPU.Build.0 = Release|Any CPU
		{10B6AC6B-A0C2-43CF-8DA3-EE0FFF5BA813}.Debug|Any CPU.ActiveCfg = Debug|Any CPU
		{10B6AC6B-A0C2-43CF-8DA3-EE0FFF5BA813}.Debug|Any CPU.Build.0 = Debug|Any CPU
		{10B6AC6B-A0C2-43CF-8DA3-EE0FFF5BA813}.Release|Any CPU.ActiveCfg = Release|Any CPU
		{10B6AC6B-A0C2-43CF-8DA3-EE0FFF5BA813}.Release|Any CPU.Build.0 = Release|Any CPU
		{36A8A05B-CC32-4609-92F9-2D6EAA0143A2}.Debug|Any CPU.ActiveCfg = Debug|Any CPU
		{36A8A05B-CC32-4609-92F9-2D6EAA0143A2}.Debug|Any CPU.Build.0 = Debug|Any CPU
		{36A8A05B-CC32-4609-92F9-2D6EAA0143A2}.Release|Any CPU.ActiveCfg = Release|Any CPU
		{36A8A05B-CC32-4609-92F9-2D6EAA0143A2}.Release|Any CPU.Build.0 = Release|Any CPU
		{235C7398-ADDD-438C-848C-0EB5B3489AAF}.Debug|Any CPU.ActiveCfg = Debug|Any CPU
		{235C7398-ADDD-438C-848C-0EB5B3489AAF}.Debug|Any CPU.Build.0 = Debug|Any CPU
		{235C7398-ADDD-438C-848C-0EB5B3489AAF}.Release|Any CPU.ActiveCfg = Release|Any CPU
		{235C7398-ADDD-438C-848C-0EB5B3489AAF}.Release|Any CPU.Build.0 = Release|Any CPU
	EndGlobalSection
	GlobalSection(SolutionProperties) = preSolution
		HideSolutionNode = FALSE
	EndGlobalSection
EndGlobal
